
Microsoft Visual Studio Solution File, Format Version 12.00
# Visual Studio Version 17
VisualStudioVersion = 17.14.36511.14
MinimumVisualStudioVersion = 10.0.40219.1
Project("{2150E333-8FDC-42A3-9474-1A3956D46DE8}") = "Task0", "Task0", "{02EA681E-C7D8-13C7-8484-4AC65E1B71E8}"
EndProject
Project("{FAE04EC0-301F-11D3-BF4B-00C04F79EFBC}") = "Tyuiu.EgorovAD.Sprint0,Task0.V0", "Tyuiu.EgorovAD.Sprint0,Task0.V0\Tyuiu.EgorovAD.Sprint0,Task0.V0.csproj", "{58F0930B-83B9-4195-A4FC-32010E523167}"
EndProject
Project("{2150E333-8FDC-42A3-9474-1A3956D46DE8}") = "Task1", "Task1", "{C4111A52-BC1F-49DC-95DD-E4732A8BC8C8}"
EndProject
Project("{FAE04EC0-301F-11D3-BF4B-00C04F79EFBC}") = "Tyuiu.EgorovAD.Sprint0.Task1.V0", "Tyuiu.EgorovAD.Sprint0.Task1.V0\Tyuiu.EgorovAD.Sprint0.Task1.V0.csproj", "{D672AE80-DC2F-4D3B-A3C3-CC593DFDF923}"
EndProject
Project("{2150E333-8FDC-42A3-9474-1A3956D46DE8}") = "Task2", "Task2", "{55ECBE39-041A-4BAA-9C4B-0B0E48660A49}"
EndProject
Project("{FAE04EC0-301F-11D3-BF4B-00C04F79EFBC}") = "Tyuiu.EgorovAD.Sprint0.Task2.V0", "Tyuiu.EgorovAD.Sprint0.Task2.V0\Tyuiu.EgorovAD.Sprint0.Task2.V0.csproj", "{59E2AF83-1468-4453-A136-4980CF051558}"
EndProject
Project("{FAE04EC0-301F-11D3-BF4B-00C04F79EFBC}") = "TyuiuEgorovAD.Sprint0.Task2.V0.Lib", "TyuiuEgorovAD.Sprint0.Task2.V0.Lib\TyuiuEgorovAD.Sprint0.Task2.V0.Lib.csproj", "{87322949-E941-4630-A618-42CD797ABFF5}"
EndProject
Project("{FAE04EC0-301F-11D3-BF4B-00C04F79EFBC}") = "Tyuiu.EgorovAD.Sprint0.Task2.V0.Test", "Tyuiu.EgorovAD.Sprint0.Task2.V0.Test\Tyuiu.EgorovAD.Sprint0.Task2.V0.Test.csproj", "{8CB6F3AA-5622-448C-B941-8526AF946F09}"
EndProject
Project("{2150E333-8FDC-42A3-9474-1A3956D46DE8}") = "Task3", "Task3", "{FA3E8E7E-5925-4EA8-B79F-0B1353349123}"
EndProject
Project("{FAE04EC0-301F-11D3-BF4B-00C04F79EFBC}") = "Tyuiu.EgorovAD.Sprint0.Task3.V0", "Tyuiu.EgorovAD.Sprint0.Task3.V0\Tyuiu.EgorovAD.Sprint0.Task3.V0.csproj", "{51C1A4C2-3B50-46D0-807C-3D6D6602E4D4}"
EndProject
Project("{FAE04EC0-301F-11D3-BF4B-00C04F79EFBC}") = "Tyuiu.EgorovAD.Sprint0.Task3.V0.Lib", "Tyuiu.EgorovAD.Sprint0.Task3.V0.Lib\Tyuiu.EgorovAD.Sprint0.Task3.V0.Lib.csproj", "{A96A72DA-55BC-4A4C-B5DA-990E5486D035}"
EndProject
Project("{FAE04EC0-301F-11D3-BF4B-00C04F79EFBC}") = "Tyuiu.EgorovAD.Sprint0.Task3.V0.Test", "Tyuiu.EgorovAD.Sprint0.Task3.V0.Test\Tyuiu.EgorovAD.Sprint0.Task3.V0.Test.csproj", "{A95ED03D-E98C-406D-A411-97E2B4A1C4B3}"
EndProject
Project("{2150E333-8FDC-42A3-9474-1A3956D46DE8}") = "Task4", "Task4", "{493DE3C6-5081-4FD2-8590-9F23DA858ABA}"
EndProject
Project("{FAE04EC0-301F-11D3-BF4B-00C04F79EFBC}") = "Tyuiu.EgorovAD.Sprint0.Task4.V0", "Tyuiu.EgorovAD.Sprint0.Task4.V0\Tyuiu.EgorovAD.Sprint0.Task4.V0.csproj", "{FB374BFA-2DE7-4F0F-ADFD-3EB11D84445C}"
EndProject
Project("{FAE04EC0-301F-11D3-BF4B-00C04F79EFBC}") = "Tyuiu.EgorovAD.Sprint0.Task4.V0.Lib", "Tyuiu.EgorovAD.Sprint0.Task4.V0.Lib\Tyuiu.EgorovAD.Sprint0.Task4.V0.Lib.csproj", "{1023754C-A13A-47BF-B034-ECF4A3025DD6}"
EndProject
Project("{FAE04EC0-301F-11D3-BF4B-00C04F79EFBC}") = "Tyuiu.EgorovAD.Sprint0.Task4.V0.Test", "Tyuiu.EgorovAD.Sprint0.Task4.V0.Test\Tyuiu.EgorovAD.Sprint0.Task4.V0.Test.csproj", "{529465B1-2CD4-4B3A-A783-D966D9E0AAA6}"
EndProject
Project("{2150E333-8FDC-42A3-9474-1A3956D46DE8}") = "Task5", "Task5", "{F60D5CBC-37DC-4324-997D-ABE53AED4D96}"
EndProject
Project("{FAE04EC0-301F-11D3-BF4B-00C04F79EFBC}") = "Tyuiu.EgorovAD.Sprint0.Task5.V0", "Tyuiu.EgorovAD.Sprint0.Task5.V0\Tyuiu.EgorovAD.Sprint0.Task5.V0.csproj", "{0F23095E-D926-4BDA-9019-E53E42848335}"
EndProject
Project("{FAE04EC0-301F-11D3-BF4B-00C04F79EFBC}") = "Tyuiu.EgorovAD.Sprint0.Task5.V0.Lib", "Tyuiu.EgorovAD.Sprint0.Task5.V0.Lib\Tyuiu.EgorovAD.Sprint0.Task5.V0.Lib.csproj", "{BBB19892-064E-48A3-8B58-3594B25A5ABC}"
EndProject
Project("{FAE04EC0-301F-11D3-BF4B-00C04F79EFBC}") = "Tyuiu.EgorovAD.Sprint0.Task5.V0.Test", "Tyuiu.EgorovAD.Sprint0.Task5.V0.Test\Tyuiu.EgorovAD.Sprint0.Task5.V0.Test.csproj", "{3D3B660F-DA7D-4218-8A3F-D71A787110E0}"
EndProject
Global
	GlobalSection(SolutionConfigurationPlatforms) = preSolution
		Debug|Any CPU = Debug|Any CPU
		Release|Any CPU = Release|Any CPU
	EndGlobalSection
	GlobalSection(ProjectConfigurationPlatforms) = postSolution
		{58F0930B-83B9-4195-A4FC-32010E523167}.Debug|Any CPU.ActiveCfg = Debug|Any CPU
		{58F0930B-83B9-4195-A4FC-32010E523167}.Debug|Any CPU.Build.0 = Debug|Any CPU
		{58F0930B-83B9-4195-A4FC-32010E523167}.Release|Any CPU.ActiveCfg = Release|Any CPU
		{58F0930B-83B9-4195-A4FC-32010E523167}.Release|Any CPU.Build.0 = Release|Any CPU
		{D672AE80-DC2F-4D3B-A3C3-CC593DFDF923}.Debug|Any CPU.ActiveCfg = Debug|Any CPU
		{D672AE80-DC2F-4D3B-A3C3-CC593DFDF923}.Debug|Any CPU.Build.0 = Debug|Any CPU
		{D672AE80-DC2F-4D3B-A3C3-CC593DFDF923}.Release|Any CPU.ActiveCfg = Release|Any CPU
		{D672AE80-DC2F-4D3B-A3C3-CC593DFDF923}.Release|Any CPU.Build.0 = Release|Any CPU
		{59E2AF83-1468-4453-A136-4980CF051558}.Debug|Any CPU.ActiveCfg = Debug|Any CPU
		{59E2AF83-1468-4453-A136-4980CF051558}.Debug|Any CPU.Build.0 = Debug|Any CPU
		{59E2AF83-1468-4453-A136-4980CF051558}.Release|Any CPU.ActiveCfg = Release|Any CPU
		{59E2AF83-1468-4453-A136-4980CF051558}.Release|Any CPU.Build.0 = Release|Any CPU
		{87322949-E941-4630-A618-42CD797ABFF5}.Debug|Any CPU.ActiveCfg = Debug|Any CPU
		{87322949-E941-4630-A618-42CD797ABFF5}.Debug|Any CPU.Build.0 = Debug|Any CPU
		{87322949-E941-4630-A618-42CD797ABFF5}.Release|Any CPU.ActiveCfg = Release|Any CPU
		{87322949-E941-4630-A618-42CD797ABFF5}.Release|Any CPU.Build.0 = Release|Any CPU
		{8CB6F3AA-5622-448C-B941-8526AF946F09}.Debug|Any CPU.ActiveCfg = Debug|Any CPU
		{8CB6F3AA-5622-448C-B941-8526AF946F09}.Debug|Any CPU.Build.0 = Debug|Any CPU
		{8CB6F3AA-5622-448C-B941-8526AF946F09}.Release|Any CPU.ActiveCfg = Release|Any CPU
		{8CB6F3AA-5622-448C-B941-8526AF946F09}.Release|Any CPU.Build.0 = Release|Any CPU
		{51C1A4C2-3B50-46D0-807C-3D6D6602E4D4}.Debug|Any CPU.ActiveCfg = Debug|Any CPU
		{51C1A4C2-3B50-46D0-807C-3D6D6602E4D4}.Debug|Any CPU.Build.0 = Debug|Any CPU
		{51C1A4C2-3B50-46D0-807C-3D6D6602E4D4}.Release|Any CPU.ActiveCfg = Release|Any CPU
		{51C1A4C2-3B50-46D0-807C-3D6D6602E4D4}.Release|Any CPU.Build.0 = Release|Any CPU
		{A96A72DA-55BC-4A4C-B5DA-990E5486D035}.Debug|Any CPU.ActiveCfg = Debug|Any CPU
		{A96A72DA-55BC-4A4C-B5DA-990E5486D035}.Debug|Any CPU.Build.0 = Debug|Any CPU
		{A96A72DA-55BC-4A4C-B5DA-990E5486D035}.Release|Any CPU.ActiveCfg = Release|Any CPU
		{A96A72DA-55BC-4A4C-B5DA-990E5486D035}.Release|Any CPU.Build.0 = Release|Any CPU
		{A95ED03D-E98C-406D-A411-97E2B4A1C4B3}.Debug|Any CPU.ActiveCfg = Debug|Any CPU
		{A95ED03D-E98C-406D-A411-97E2B4A1C4B3}.Debug|Any CPU.Build.0 = Debug|Any CPU
		{A95ED03D-E98C-406D-A411-97E2B4A1C4B3}.Release|Any CPU.ActiveCfg = Release|Any CPU
		{A95ED03D-E98C-406D-A411-97E2B4A1C4B3}.Release|Any CPU.Build.0 = Release|Any CPU
		{FB374BFA-2DE7-4F0F-ADFD-3EB11D84445C}.Debug|Any CPU.ActiveCfg = Debug|Any CPU
		{FB374BFA-2DE7-4F0F-ADFD-3EB11D84445C}.Debug|Any CPU.Build.0 = Debug|Any CPU
		{FB374BFA-2DE7-4F0F-ADFD-3EB11D84445C}.Release|Any CPU.ActiveCfg = Release|Any CPU
		{FB374BFA-2DE7-4F0F-ADFD-3EB11D84445C}.Release|Any CPU.Build.0 = Release|Any CPU
		{1023754C-A13A-47BF-B034-ECF4A3025DD6}.Debug|Any CPU.ActiveCfg = Debug|Any CPU
		{1023754C-A13A-47BF-B034-ECF4A3025DD6}.Debug|Any CPU.Build.0 = Debug|Any CPU
		{1023754C-A13A-47BF-B034-ECF4A3025DD6}.Release|Any CPU.ActiveCfg = Release|Any CPU
		{1023754C-A13A-47BF-B034-ECF4A3025DD6}.Release|Any CPU.Build.0 = Release|Any CPU
		{529465B1-2CD4-4B3A-A783-D966D9E0AAA6}.Debug|Any CPU.ActiveCfg = Debug|Any CPU
		{529465B1-2CD4-4B3A-A783-D966D9E0AAA6}.Debug|Any CPU.Build.0 = Debug|Any CPU
		{529465B1-2CD4-4B3A-A783-D966D9E0AAA6}.Release|Any CPU.ActiveCfg = Release|Any CPU
		{529465B1-2CD4-4B3A-A783-D966D9E0AAA6}.Release|Any CPU.Build.0 = Release|Any CPU
		{0F23095E-D926-4BDA-9019-E53E42848335}.Debug|Any CPU.ActiveCfg = Debug|Any CPU
		{0F23095E-D926-4BDA-9019-E53E42848335}.Debug|Any CPU.Build.0 = Debug|Any CPU
		{0F23095E-D926-4BDA-9019-E53E42848335}.Release|Any CPU.ActiveCfg = Release|Any CPU
		{0F23095E-D926-4BDA-9019-E53E42848335}.Release|Any CPU.Build.0 = Release|Any CPU
		{BBB19892-064E-48A3-8B58-3594B25A5ABC}.Debug|Any CPU.ActiveCfg = Debug|Any CPU
		{BBB19892-064E-48A3-8B58-3594B25A5ABC}.Debug|Any CPU.Build.0 = Debug|Any CPU
		{BBB19892-064E-48A3-8B58-3594B25A5ABC}.Release|Any CPU.ActiveCfg = Release|Any CPU
		{BBB19892-064E-48A3-8B58-3594B25A5ABC}.Release|Any CPU.Build.0 = Release|Any CPU
		{3D3B660F-DA7D-4218-8A3F-D71A787110E0}.Debug|Any CPU.ActiveCfg = Debug|Any CPU
		{3D3B660F-DA7D-4218-8A3F-D71A787110E0}.Debug|Any CPU.Build.0 = Debug|Any CPU
		{3D3B660F-DA7D-4218-8A3F-D71A787110E0}.Release|Any CPU.ActiveCfg = Release|Any CPU
		{3D3B660F-DA7D-4218-8A3F-D71A787110E0}.Release|Any CPU.Build.0 = Release|Any CPU
	EndGlobalSection
	GlobalSection(SolutionProperties) = preSolution
		HideSolutionNode = FALSE
	EndGlobalSection
	GlobalSection(NestedProjects) = preSolution
		{58F0930B-83B9-4195-A4FC-32010E523167} = {02EA681E-C7D8-13C7-8484-4AC65E1B71E8}
		{D672AE80-DC2F-4D3B-A3C3-CC593DFDF923} = {C4111A52-BC1F-49DC-95DD-E4732A8BC8C8}
		{59E2AF83-1468-4453-A136-4980CF051558} = {55ECBE39-041A-4BAA-9C4B-0B0E48660A49}
		{87322949-E941-4630-A618-42CD797ABFF5} = {55ECBE39-041A-4BAA-9C4B-0B0E48660A49}
		{8CB6F3AA-5622-448C-B941-8526AF946F09} = {55ECBE39-041A-4BAA-9C4B-0B0E48660A49}
		{51C1A4C2-3B50-46D0-807C-3D6D6602E4D4} = {FA3E8E7E-5925-4EA8-B79F-0B1353349123}
		{A96A72DA-55BC-4A4C-B5DA-990E5486D035} = {FA3E8E7E-5925-4EA8-B79F-0B1353349123}
		{A95ED03D-E98C-406D-A411-97E2B4A1C4B3} = {FA3E8E7E-5925-4EA8-B79F-0B1353349123}
		{FB374BFA-2DE7-4F0F-ADFD-3EB11D84445C} = {493DE3C6-5081-4FD2-8590-9F23DA858ABA}
		{1023754C-A13A-47BF-B034-ECF4A3025DD6} = {493DE3C6-5081-4FD2-8590-9F23DA858ABA}
		{529465B1-2CD4-4B3A-A783-D966D9E0AAA6} = {493DE3C6-5081-4FD2-8590-9F23DA858ABA}
		{0F23095E-D926-4BDA-9019-E53E42848335} = {F60D5CBC-37DC-4324-997D-ABE53AED4D96}
		{BBB19892-064E-48A3-8B58-3594B25A5ABC} = {F60D5CBC-37DC-4324-997D-ABE53AED4D96}
		{3D3B660F-DA7D-4218-8A3F-D71A787110E0} = {F60D5CBC-37DC-4324-997D-ABE53AED4D96}
	EndGlobalSection
	GlobalSection(ExtensibilityGlobals) = postSolution
		SolutionGuid = {DDC0C098-C5C1-401F-96AC-07754AAD88D7}
	EndGlobalSection
EndGlobal
